
Microsoft Visual Studio Solution File, Format Version 12.00
# Visual Studio 2012
VisualStudioVersion = 14.0.24720.0
MinimumVisualStudioVersion = 10.0.40219.1
Project("{FAE04EC0-301F-11D3-BF4B-00C04F79EFBC}") = "Branderra.Droid", "Droid\Branderra.Droid.csproj", "{720BA4F7-171E-4684-8590-93EED54B9208}"
EndProject
Project("{FAE04EC0-301F-11D3-BF4B-00C04F79EFBC}") = "Branderra", "Branderra\Branderra.csproj", "{03443EF4-F691-44FF-910E-E3F95AA4BFA1}"
EndProject
Project("{FAE04EC0-301F-11D3-BF4B-00C04F79EFBC}") = "Branderra.IOS", "Branderra.IOS\Branderra.IOS.csproj", "{82DFCB20-08EA-4500-816A-BEAFC767ECCA}"
EndProject
Global
	GlobalSection(SolutionConfigurationPlatforms) = preSolution
		Debug|Any CPU = Debug|Any CPU
		Debug|iPhone = Debug|iPhone
		Debug|iPhoneSimulator = Debug|iPhoneSimulator
		Release|Any CPU = Release|Any CPU
		Release|iPhone = Release|iPhone
		Release|iPhoneSimulator = Release|iPhoneSimulator
	EndGlobalSection
	GlobalSection(ProjectConfigurationPlatforms) = postSolution
		{03443EF4-F691-44FF-910E-E3F95AA4BFA1}.Debug|Any CPU.ActiveCfg = Debug|Any CPU
		{03443EF4-F691-44FF-910E-E3F95AA4BFA1}.Debug|Any CPU.Build.0 = Debug|Any CPU
		{03443EF4-F691-44FF-910E-E3F95AA4BFA1}.Debug|iPhone.ActiveCfg = Debug|Any CPU
		{03443EF4-F691-44FF-910E-E3F95AA4BFA1}.Debug|iPhone.Build.0 = Debug|Any CPU
		{03443EF4-F691-44FF-910E-E3F95AA4BFA1}.Debug|iPhoneSimulator.ActiveCfg = Debug|Any CPU
		{03443EF4-F691-44FF-910E-E3F95AA4BFA1}.Debug|iPhoneSimulator.Build.0 = Debug|Any CPU
		{03443EF4-F691-44FF-910E-E3F95AA4BFA1}.Release|Any CPU.ActiveCfg = Release|Any CPU
		{03443EF4-F691-44FF-910E-E3F95AA4BFA1}.Release|Any CPU.Build.0 = Release|Any CPU
		{03443EF4-F691-44FF-910E-E3F95AA4BFA1}.Release|iPhone.ActiveCfg = Release|Any CPU
		{03443EF4-F691-44FF-910E-E3F95AA4BFA1}.Release|iPhone.Build.0 = Release|Any CPU
		{03443EF4-F691-44FF-910E-E3F95AA4BFA1}.Release|iPhoneSimulator.ActiveCfg = Release|Any CPU
		{03443EF4-F691-44FF-910E-E3F95AA4BFA1}.Release|iPhoneSimulator.Build.0 = Release|Any CPU
		{720BA4F7-171E-4684-8590-93EED54B9208}.Debug|Any CPU.ActiveCfg = Debug|Any CPU
		{720BA4F7-171E-4684-8590-93EED54B9208}.Debug|Any CPU.Build.0 = Debug|Any CPU
		{720BA4F7-171E-4684-8590-93EED54B9208}.Debug|Any CPU.Deploy.0 = Debug|Any CPU
		{720BA4F7-171E-4684-8590-93EED54B9208}.Debug|iPhone.ActiveCfg = Debug|Any CPU
		{720BA4F7-171E-4684-8590-93EED54B9208}.Debug|iPhone.Build.0 = Debug|Any CPU
		{720BA4F7-171E-4684-8590-93EED54B9208}.Debug|iPhoneSimulator.ActiveCfg = Debug|Any CPU
		{720BA4F7-171E-4684-8590-93EED54B9208}.Debug|iPhoneSimulator.Build.0 = Debug|Any CPU
		{720BA4F7-171E-4684-8590-93EED54B9208}.Release|Any CPU.ActiveCfg = Release|Any CPU
		{720BA4F7-171E-4684-8590-93EED54B9208}.Release|Any CPU.Build.0 = Release|Any CPU
		{720BA4F7-171E-4684-8590-93EED54B9208}.Release|iPhone.ActiveCfg = Release|Any CPU
		{720BA4F7-171E-4684-8590-93EED54B9208}.Release|iPhone.Build.0 = Release|Any CPU
		{720BA4F7-171E-4684-8590-93EED54B9208}.Release|iPhoneSimulator.ActiveCfg = Release|Any CPU
		{720BA4F7-171E-4684-8590-93EED54B9208}.Release|iPhoneSimulator.Build.0 = Release|Any CPU
		{82DFCB20-08EA-4500-816A-BEAFC767ECCA}.Debug|Any CPU.ActiveCfg = Debug|iPhoneSimulator
		{82DFCB20-08EA-4500-816A-BEAFC767ECCA}.Debug|Any CPU.Build.0 = Debug|iPhoneSimulator
		{82DFCB20-08EA-4500-816A-BEAFC767ECCA}.Debug|iPhone.ActiveCfg = Debug|iPhone
		{82DFCB20-08EA-4500-816A-BEAFC767ECCA}.Debug|iPhone.Build.0 = Debug|iPhone
		{82DFCB20-08EA-4500-816A-BEAFC767ECCA}.Debug|iPhoneSimulator.ActiveCfg = Debug|iPhoneSimulator
		{82DFCB20-08EA-4500-816A-BEAFC767ECCA}.Debug|iPhoneSimulator.Build.0 = Debug|iPhoneSimulator
		{82DFCB20-08EA-4500-816A-BEAFC767ECCA}.Release|Any CPU.ActiveCfg = Release|iPhone
		{82DFCB20-08EA-4500-816A-BEAFC767ECCA}.Release|Any CPU.Build.0 = Release|iPhone
		{82DFCB20-08EA-4500-816A-BEAFC767ECCA}.Release|iPhone.ActiveCfg = Release|iPhone
		{82DFCB20-08EA-4500-816A-BEAFC767ECCA}.Release|iPhone.Build.0 = Release|iPhone
		{82DFCB20-08EA-4500-816A-BEAFC767ECCA}.Release|iPhoneSimulator.ActiveCfg = Release|iPhoneSimulator
		{82DFCB20-08EA-4500-816A-BEAFC767ECCA}.Release|iPhoneSimulator.Build.0 = Release|iPhoneSimulator
	EndGlobalSection
	GlobalSection(SolutionProperties) = preSolution
		HideSolutionNode = FALSE
	EndGlobalSection
EndGlobal
